
Microsoft Visual Studio Solution File, Format Version 12.00
# Visual Studio Version 16
VisualStudioVersion = 16.0.29418.71
MinimumVisualStudioVersion = 10.0.40219.1
Project("{9A19103F-16F7-4668-BE54-9A1E7A4F7556}") = "HtmlParser", "HtmlParser\HtmlParser.csproj", "{98CDFD92-39CB-4762-BFD5-BD20578E89E1}"
EndProject
Project("{FAE04EC0-301F-11D3-BF4B-00C04F79EFBC}") = "StoreParserFrame", "StoreParserFrame\StoreParserFrame.csproj", "{278FF483-98D6-4533-AF57-8AA31B9C9953}"
EndProject
Global
	GlobalSection(SolutionConfigurationPlatforms) = preSolution
		Debug|Any CPU = Debug|Any CPU
		Release|Any CPU = Release|Any CPU
	EndGlobalSection
	GlobalSection(ProjectConfigurationPlatforms) = postSolution
		{98CDFD92-39CB-4762-BFD5-BD20578E89E1}.Debug|Any CPU.ActiveCfg = Debug|Any CPU
		{98CDFD92-39CB-4762-BFD5-BD20578E89E1}.Debug|Any CPU.Build.0 = Debug|Any CPU
		{98CDFD92-39CB-4762-BFD5-BD20578E89E1}.Release|Any CPU.ActiveCfg = Release|Any CPU
		{98CDFD92-39CB-4762-BFD5-BD20578E89E1}.Release|Any CPU.Build.0 = Release|Any CPU
		{278FF483-98D6-4533-AF57-8AA31B9C9953}.Debug|Any CPU.ActiveCfg = Debug|Any CPU
		{278FF483-98D6-4533-AF57-8AA31B9C9953}.Debug|Any CPU.Build.0 = Debug|Any CPU
		{278FF483-98D6-4533-AF57-8AA31B9C9953}.Release|Any CPU.ActiveCfg = Release|Any CPU
		{278FF483-98D6-4533-AF57-8AA31B9C9953}.Release|Any CPU.Build.0 = Release|Any CPU
	EndGlobalSection
	GlobalSection(SolutionProperties) = preSolution
		HideSolutionNode = FALSE
	EndGlobalSection
	GlobalSection(ExtensibilityGlobals) = postSolution
		SolutionGuid = {71F220BE-A8AC-4B48-8B47-F3D5406B1140}
	EndGlobalSection
EndGlobal
